
Microsoft Visual Studio Solution File, Format Version 12.00
# Visual Studio Version 17
VisualStudioVersion = 17.7.34018.315
MinimumVisualStudioVersion = 10.0.40219.1
Project("{FAE04EC0-301F-11D3-BF4B-00C04F79EFBC}") = "2024app1", "2024app1.csproj", "{5CEF6C3C-5982-4AF9-B35A-47320B730BFB}"
EndProject
Global
	GlobalSection(SolutionConfigurationPlatforms) = preSolution
		Debug|Any CPU = Debug|Any CPU
		Release|Any CPU = Release|Any CPU
	EndGlobalSection
	GlobalSection(ProjectConfigurationPlatforms) = postSolution
		{5CEF6C3C-5982-4AF9-B35A-47320B730BFB}.Debug|Any CPU.ActiveCfg = Debug|Any CPU
		{5CEF6C3C-5982-4AF9-B35A-47320B730BFB}.Debug|Any CPU.Build.0 = Debug|Any CPU
		{5CEF6C3C-5982-4AF9-B35A-47320B730BFB}.Release|Any CPU.ActiveCfg = Release|Any CPU
		{5CEF6C3C-5982-4AF9-B35A-47320B730BFB}.Release|Any CPU.Build.0 = Release|Any CPU
	EndGlobalSection
	GlobalSection(SolutionProperties) = preSolution
		HideSolutionNode = FALSE
	EndGlobalSection
	GlobalSection(ExtensibilityGlobals) = postSolution
		SolutionGuid = {CC263D50-11AE-4936-A860-DD9BF5D837A1}
	EndGlobalSection
EndGlobal
